
Microsoft Visual Studio Solution File, Format Version 12.00
# Visual Studio Version 16
VisualStudioVersion = 16.0.30309.148
MinimumVisualStudioVersion = 10.0.40219.1
Project("{9A19103F-16F7-4668-BE54-9A1E7A4F7556}") = "ToDoList.Web", "ToDoList.Web\ToDoList.Web.csproj", "{0748C7DE-8CAA-49A0-92DB-61A2A5A114E7}"
EndProject
Project("{9A19103F-16F7-4668-BE54-9A1E7A4F7556}") = "ToDoList.Domain", "ToDoList.Domain\ToDoList.Domain.csproj", "{F18FA0DD-345D-4236-88A5-9D73D850447B}"
EndProject
Project("{FAE04EC0-301F-11D3-BF4B-00C04F79EFBC}") = "ToDoList.DomainAccess", "ToDoList.DomainAccess\ToDoList.DomainAccess.csproj", "{30AE02DC-2947-465A-A62B-5F20FD7FA9E5}"
EndProject
Global
	GlobalSection(SolutionConfigurationPlatforms) = preSolution
		Debug|Any CPU = Debug|Any CPU
		Release|Any CPU = Release|Any CPU
	EndGlobalSection
	GlobalSection(ProjectConfigurationPlatforms) = postSolution
		{0748C7DE-8CAA-49A0-92DB-61A2A5A114E7}.Debug|Any CPU.ActiveCfg = Debug|Any CPU
		{0748C7DE-8CAA-49A0-92DB-61A2A5A114E7}.Debug|Any CPU.Build.0 = Debug|Any CPU
		{0748C7DE-8CAA-49A0-92DB-61A2A5A114E7}.Release|Any CPU.ActiveCfg = Release|Any CPU
		{0748C7DE-8CAA-49A0-92DB-61A2A5A114E7}.Release|Any CPU.Build.0 = Release|Any CPU
		{F18FA0DD-345D-4236-88A5-9D73D850447B}.Debug|Any CPU.ActiveCfg = Debug|Any CPU
		{F18FA0DD-345D-4236-88A5-9D73D850447B}.Debug|Any CPU.Build.0 = Debug|Any CPU
		{F18FA0DD-345D-4236-88A5-9D73D850447B}.Release|Any CPU.ActiveCfg = Release|Any CPU
		{F18FA0DD-345D-4236-88A5-9D73D850447B}.Release|Any CPU.Build.0 = Release|Any CPU
		{30AE02DC-2947-465A-A62B-5F20FD7FA9E5}.Debug|Any CPU.ActiveCfg = Debug|Any CPU
		{30AE02DC-2947-465A-A62B-5F20FD7FA9E5}.Debug|Any CPU.Build.0 = Debug|Any CPU
		{30AE02DC-2947-465A-A62B-5F20FD7FA9E5}.Release|Any CPU.ActiveCfg = Release|Any CPU
		{30AE02DC-2947-465A-A62B-5F20FD7FA9E5}.Release|Any CPU.Build.0 = Release|Any CPU
	EndGlobalSection
	GlobalSection(SolutionProperties) = preSolution
		HideSolutionNode = FALSE
	EndGlobalSection
	GlobalSection(ExtensibilityGlobals) = postSolution
		SolutionGuid = {272DE82D-76FC-4710-BC59-FADABF6D5233}
	EndGlobalSection
EndGlobal
